
Microsoft Visual Studio Solution File, Format Version 12.00
# Visual Studio 14
VisualStudioVersion = 14.0.25420.1
MinimumVisualStudioVersion = 10.0.40219.1
Project("{FAE04EC0-301F-11D3-BF4B-00C04F79EFBC}") = "Auth0Demo", "Auth0Demo\Auth0Demo.csproj", "{B62D9FE7-6D11-4D5E-BE2E-C3E3255558A9}"
EndProject
Project("{FAE04EC0-301F-11D3-BF4B-00C04F79EFBC}") = "Auth0Demo.Droid", "Auth0Demo.Droid\Auth0Demo.Droid.csproj", "{503A7CB3-467E-4360-A353-0083ACED2FE9}"
EndProject
Project("{FAE04EC0-301F-11D3-BF4B-00C04F79EFBC}") = "Auth0Demo.iOS", "Auth0Demo.iOS\Auth0Demo.iOS.csproj", "{22EDD84F-D476-42B8-8E24-8F26E21BB72E}"
EndProject
Project("{FAE04EC0-301F-11D3-BF4B-00C04F79EFBC}") = "Auth0Demo.UWP", "Auth0Demo.UWP\Auth0Demo.UWP.csproj", "{BD8DDEB5-11E9-431A-A09E-9ADBE454866A}"
EndProject
Project("{FAE04EC0-301F-11D3-BF4B-00C04F79EFBC}") = "Auth0Demo.MappedTypes", "Auth0Demo.MappedTypes\Auth0Demo.MappedTypes.csproj", "{C295FB6D-BE5B-4F36-96CA-B68EECD2A8AD}"
EndProject
Project("{FAE04EC0-301F-11D3-BF4B-00C04F79EFBC}") = "Auth0Demo.Abstractions", "Auth0Demo.Abstractions\Auth0Demo.Abstractions.csproj", "{8947C2F7-2EE6-4747-B183-EB554E3927CA}"
EndProject
Project("{FAE04EC0-301F-11D3-BF4B-00C04F79EFBC}") = "Auth0Demo.Config", "Auth0Demo.Config\Auth0Demo.Config.csproj", "{6944A46E-411A-41D1-81A9-35157DDC415C}"
EndProject
Global
	GlobalSection(SolutionConfigurationPlatforms) = preSolution
		Ad-Hoc|Any CPU = Ad-Hoc|Any CPU
		Ad-Hoc|ARM = Ad-Hoc|ARM
		Ad-Hoc|iPhone = Ad-Hoc|iPhone
		Ad-Hoc|iPhoneSimulator = Ad-Hoc|iPhoneSimulator
		Ad-Hoc|x64 = Ad-Hoc|x64
		Ad-Hoc|x86 = Ad-Hoc|x86
		AppStore|Any CPU = AppStore|Any CPU
		AppStore|ARM = AppStore|ARM
		AppStore|iPhone = AppStore|iPhone
		AppStore|iPhoneSimulator = AppStore|iPhoneSimulator
		AppStore|x64 = AppStore|x64
		AppStore|x86 = AppStore|x86
		Debug|Any CPU = Debug|Any CPU
		Debug|ARM = Debug|ARM
		Debug|iPhone = Debug|iPhone
		Debug|iPhoneSimulator = Debug|iPhoneSimulator
		Debug|x64 = Debug|x64
		Debug|x86 = Debug|x86
		Release|Any CPU = Release|Any CPU
		Release|ARM = Release|ARM
		Release|iPhone = Release|iPhone
		Release|iPhoneSimulator = Release|iPhoneSimulator
		Release|x64 = Release|x64
		Release|x86 = Release|x86
	EndGlobalSection
	GlobalSection(ProjectConfigurationPlatforms) = postSolution
		{B62D9FE7-6D11-4D5E-BE2E-C3E3255558A9}.Ad-Hoc|Any CPU.ActiveCfg = Debug|Any CPU
		{B62D9FE7-6D11-4D5E-BE2E-C3E3255558A9}.Ad-Hoc|Any CPU.Build.0 = Debug|Any CPU
		{B62D9FE7-6D11-4D5E-BE2E-C3E3255558A9}.Ad-Hoc|ARM.ActiveCfg = Debug|Any CPU
		{B62D9FE7-6D11-4D5E-BE2E-C3E3255558A9}.Ad-Hoc|ARM.Build.0 = Debug|Any CPU
		{B62D9FE7-6D11-4D5E-BE2E-C3E3255558A9}.Ad-Hoc|iPhone.ActiveCfg = Debug|Any CPU
		{B62D9FE7-6D11-4D5E-BE2E-C3E3255558A9}.Ad-Hoc|iPhone.Build.0 = Debug|Any CPU
		{B62D9FE7-6D11-4D5E-BE2E-C3E3255558A9}.Ad-Hoc|iPhoneSimulator.ActiveCfg = Debug|Any CPU
		{B62D9FE7-6D11-4D5E-BE2E-C3E3255558A9}.Ad-Hoc|iPhoneSimulator.Build.0 = Debug|Any CPU
		{B62D9FE7-6D11-4D5E-BE2E-C3E3255558A9}.Ad-Hoc|x64.ActiveCfg = Debug|Any CPU
		{B62D9FE7-6D11-4D5E-BE2E-C3E3255558A9}.Ad-Hoc|x64.Build.0 = Debug|Any CPU
		{B62D9FE7-6D11-4D5E-BE2E-C3E3255558A9}.Ad-Hoc|x86.ActiveCfg = Debug|Any CPU
		{B62D9FE7-6D11-4D5E-BE2E-C3E3255558A9}.Ad-Hoc|x86.Build.0 = Debug|Any CPU
		{B62D9FE7-6D11-4D5E-BE2E-C3E3255558A9}.AppStore|Any CPU.ActiveCfg = Debug|Any CPU
		{B62D9FE7-6D11-4D5E-BE2E-C3E3255558A9}.AppStore|Any CPU.Build.0 = Debug|Any CPU
		{B62D9FE7-6D11-4D5E-BE2E-C3E3255558A9}.AppStore|ARM.ActiveCfg = Debug|Any CPU
		{B62D9FE7-6D11-4D5E-BE2E-C3E3255558A9}.AppStore|ARM.Build.0 = Debug|Any CPU
		{B62D9FE7-6D11-4D5E-BE2E-C3E3255558A9}.AppStore|iPhone.ActiveCfg = Debug|Any CPU
		{B62D9FE7-6D11-4D5E-BE2E-C3E3255558A9}.AppStore|iPhone.Build.0 = Debug|Any CPU
		{B62D9FE7-6D11-4D5E-BE2E-C3E3255558A9}.AppStore|iPhoneSimulator.ActiveCfg = Debug|Any CPU
		{B62D9FE7-6D11-4D5E-BE2E-C3E3255558A9}.AppStore|iPhoneSimulator.Build.0 = Debug|Any CPU
		{B62D9FE7-6D11-4D5E-BE2E-C3E3255558A9}.AppStore|x64.ActiveCfg = Debug|Any CPU
		{B62D9FE7-6D11-4D5E-BE2E-C3E3255558A9}.AppStore|x64.Build.0 = Debug|Any CPU
		{B62D9FE7-6D11-4D5E-BE2E-C3E3255558A9}.AppStore|x86.ActiveCfg = Debug|Any CPU
		{B62D9FE7-6D11-4D5E-BE2E-C3E3255558A9}.AppStore|x86.Build.0 = Debug|Any CPU
		{B62D9FE7-6D11-4D5E-BE2E-C3E3255558A9}.Debug|Any CPU.ActiveCfg = Debug|Any CPU
		{B62D9FE7-6D11-4D5E-BE2E-C3E3255558A9}.Debug|Any CPU.Build.0 = Debug|Any CPU
		{B62D9FE7-6D11-4D5E-BE2E-C3E3255558A9}.Debug|ARM.ActiveCfg = Debug|Any CPU
		{B62D9FE7-6D11-4D5E-BE2E-C3E3255558A9}.Debug|ARM.Build.0 = Debug|Any CPU
		{B62D9FE7-6D11-4D5E-BE2E-C3E3255558A9}.Debug|iPhone.ActiveCfg = Debug|Any CPU
		{B62D9FE7-6D11-4D5E-BE2E-C3E3255558A9}.Debug|iPhone.Build.0 = Debug|Any CPU
		{B62D9FE7-6D11-4D5E-BE2E-C3E3255558A9}.Debug|iPhoneSimulator.ActiveCfg = Debug|Any CPU
		{B62D9FE7-6D11-4D5E-BE2E-C3E3255558A9}.Debug|iPhoneSimulator.Build.0 = Debug|Any CPU
		{B62D9FE7-6D11-4D5E-BE2E-C3E3255558A9}.Debug|x64.ActiveCfg = Debug|Any CPU
		{B62D9FE7-6D11-4D5E-BE2E-C3E3255558A9}.Debug|x64.Build.0 = Debug|Any CPU
		{B62D9FE7-6D11-4D5E-BE2E-C3E3255558A9}.Debug|x86.ActiveCfg = Debug|Any CPU
		{B62D9FE7-6D11-4D5E-BE2E-C3E3255558A9}.Debug|x86.Build.0 = Debug|Any CPU
		{B62D9FE7-6D11-4D5E-BE2E-C3E3255558A9}.Release|Any CPU.ActiveCfg = Release|Any CPU
		{B62D9FE7-6D11-4D5E-BE2E-C3E3255558A9}.Release|Any CPU.Build.0 = Release|Any CPU
		{B62D9FE7-6D11-4D5E-BE2E-C3E3255558A9}.Release|ARM.ActiveCfg = Release|Any CPU
		{B62D9FE7-6D11-4D5E-BE2E-C3E3255558A9}.Release|ARM.Build.0 = Release|Any CPU
		{B62D9FE7-6D11-4D5E-BE2E-C3E3255558A9}.Release|iPhone.ActiveCfg = Release|Any CPU
		{B62D9FE7-6D11-4D5E-BE2E-C3E3255558A9}.Release|iPhone.Build.0 = Release|Any CPU
		{B62D9FE7-6D11-4D5E-BE2E-C3E3255558A9}.Release|iPhoneSimulator.ActiveCfg = Release|Any CPU
		{B62D9FE7-6D11-4D5E-BE2E-C3E3255558A9}.Release|iPhoneSimulator.Build.0 = Release|Any CPU
		{B62D9FE7-6D11-4D5E-BE2E-C3E3255558A9}.Release|x64.ActiveCfg = Release|Any CPU
		{B62D9FE7-6D11-4D5E-BE2E-C3E3255558A9}.Release|x64.Build.0 = Release|Any CPU
		{B62D9FE7-6D11-4D5E-BE2E-C3E3255558A9}.Release|x86.ActiveCfg = Release|Any CPU
		{B62D9FE7-6D11-4D5E-BE2E-C3E3255558A9}.Release|x86.Build.0 = Release|Any CPU
		{503A7CB3-467E-4360-A353-0083ACED2FE9}.Ad-Hoc|Any CPU.ActiveCfg = Release|Any CPU
		{503A7CB3-467E-4360-A353-0083ACED2FE9}.Ad-Hoc|Any CPU.Build.0 = Release|Any CPU
		{503A7CB3-467E-4360-A353-0083ACED2FE9}.Ad-Hoc|ARM.ActiveCfg = Release|Any CPU
		{503A7CB3-467E-4360-A353-0083ACED2FE9}.Ad-Hoc|ARM.Build.0 = Release|Any CPU
		{503A7CB3-467E-4360-A353-0083ACED2FE9}.Ad-Hoc|iPhone.ActiveCfg = Release|Any CPU
		{503A7CB3-467E-4360-A353-0083ACED2FE9}.Ad-Hoc|iPhone.Build.0 = Release|Any CPU
		{503A7CB3-467E-4360-A353-0083ACED2FE9}.Ad-Hoc|iPhoneSimulator.ActiveCfg = Debug|Any CPU
		{503A7CB3-467E-4360-A353-0083ACED2FE9}.Ad-Hoc|iPhoneSimulator.Build.0 = Debug|Any CPU
		{503A7CB3-467E-4360-A353-0083ACED2FE9}.Ad-Hoc|x64.ActiveCfg = Release|Any CPU
		{503A7CB3-467E-4360-A353-0083ACED2FE9}.Ad-Hoc|x64.Build.0 = Release|Any CPU
		{503A7CB3-467E-4360-A353-0083ACED2FE9}.Ad-Hoc|x86.ActiveCfg = Release|Any CPU
		{503A7CB3-467E-4360-A353-0083ACED2FE9}.Ad-Hoc|x86.Build.0 = Release|Any CPU
		{503A7CB3-467E-4360-A353-0083ACED2FE9}.AppStore|Any CPU.ActiveCfg = Release|Any CPU
		{503A7CB3-467E-4360-A353-0083ACED2FE9}.AppStore|Any CPU.Build.0 = Release|Any CPU
		{503A7CB3-467E-4360-A353-0083ACED2FE9}.AppStore|ARM.ActiveCfg = Release|Any CPU
		{503A7CB3-467E-4360-A353-0083ACED2FE9}.AppStore|ARM.Build.0 = Release|Any CPU
		{503A7CB3-467E-4360-A353-0083ACED2FE9}.AppStore|iPhone.ActiveCfg = Release|Any CPU
		{503A7CB3-467E-4360-A353-0083ACED2FE9}.AppStore|iPhone.Build.0 = Release|Any CPU
		{503A7CB3-467E-4360-A353-0083ACED2FE9}.AppStore|iPhoneSimulator.ActiveCfg = Debug|Any CPU
		{503A7CB3-467E-4360-A353-0083ACED2FE9}.AppStore|iPhoneSimulator.Build.0 = Debug|Any CPU
		{503A7CB3-467E-4360-A353-0083ACED2FE9}.AppStore|x64.ActiveCfg = Release|Any CPU
		{503A7CB3-467E-4360-A353-0083ACED2FE9}.AppStore|x64.Build.0 = Release|Any CPU
		{503A7CB3-467E-4360-A353-0083ACED2FE9}.AppStore|x86.ActiveCfg = Release|Any CPU
		{503A7CB3-467E-4360-A353-0083ACED2FE9}.AppStore|x86.Build.0 = Release|Any CPU
		{503A7CB3-467E-4360-A353-0083ACED2FE9}.Debug|Any CPU.ActiveCfg = Debug|Any CPU
		{503A7CB3-467E-4360-A353-0083ACED2FE9}.Debug|Any CPU.Build.0 = Debug|Any CPU
		{503A7CB3-467E-4360-A353-0083ACED2FE9}.Debug|Any CPU.Deploy.0 = Debug|Any CPU
		{503A7CB3-467E-4360-A353-0083ACED2FE9}.Debug|ARM.ActiveCfg = Debug|Any CPU
		{503A7CB3-467E-4360-A353-0083ACED2FE9}.Debug|ARM.Build.0 = Debug|Any CPU
		{503A7CB3-467E-4360-A353-0083ACED2FE9}.Debug|iPhone.ActiveCfg = Debug|Any CPU
		{503A7CB3-467E-4360-A353-0083ACED2FE9}.Debug|iPhone.Build.0 = Debug|Any CPU
		{503A7CB3-467E-4360-A353-0083ACED2FE9}.Debug|iPhoneSimulator.ActiveCfg = Debug|Any CPU
		{503A7CB3-467E-4360-A353-0083ACED2FE9}.Debug|iPhoneSimulator.Build.0 = Debug|Any CPU
		{503A7CB3-467E-4360-A353-0083ACED2FE9}.Debug|x64.ActiveCfg = Debug|Any CPU
		{503A7CB3-467E-4360-A353-0083ACED2FE9}.Debug|x64.Build.0 = Debug|Any CPU
		{503A7CB3-467E-4360-A353-0083ACED2FE9}.Debug|x86.ActiveCfg = Debug|Any CPU
		{503A7CB3-467E-4360-A353-0083ACED2FE9}.Debug|x86.Build.0 = Debug|Any CPU
		{503A7CB3-467E-4360-A353-0083ACED2FE9}.Release|Any CPU.ActiveCfg = Release|Any CPU
		{503A7CB3-467E-4360-A353-0083ACED2FE9}.Release|Any CPU.Build.0 = Release|Any CPU
		{503A7CB3-467E-4360-A353-0083ACED2FE9}.Release|ARM.ActiveCfg = Release|Any CPU
		{503A7CB3-467E-4360-A353-0083ACED2FE9}.Release|ARM.Build.0 = Release|Any CPU
		{503A7CB3-467E-4360-A353-0083ACED2FE9}.Release|iPhone.ActiveCfg = Release|Any CPU
		{503A7CB3-467E-4360-A353-0083ACED2FE9}.Release|iPhone.Build.0 = Release|Any CPU
		{503A7CB3-467E-4360-A353-0083ACED2FE9}.Release|iPhoneSimulator.ActiveCfg = Release|Any CPU
		{503A7CB3-467E-4360-A353-0083ACED2FE9}.Release|iPhoneSimulator.Build.0 = Release|Any CPU
		{503A7CB3-467E-4360-A353-0083ACED2FE9}.Release|x64.ActiveCfg = Release|Any CPU
		{503A7CB3-467E-4360-A353-0083ACED2FE9}.Release|x64.Build.0 = Release|Any CPU
		{503A7CB3-467E-4360-A353-0083ACED2FE9}.Release|x86.ActiveCfg = Release|Any CPU
		{503A7CB3-467E-4360-A353-0083ACED2FE9}.Release|x86.Build.0 = Release|Any CPU
		{22EDD84F-D476-42B8-8E24-8F26E21BB72E}.Ad-Hoc|Any CPU.ActiveCfg = Ad-Hoc|iPhone
		{22EDD84F-D476-42B8-8E24-8F26E21BB72E}.Ad-Hoc|Any CPU.Build.0 = Ad-Hoc|iPhone
		{22EDD84F-D476-42B8-8E24-8F26E21BB72E}.Ad-Hoc|ARM.ActiveCfg = Ad-Hoc|iPhone
		{22EDD84F-D476-42B8-8E24-8F26E21BB72E}.Ad-Hoc|ARM.Build.0 = Ad-Hoc|iPhone
		{22EDD84F-D476-42B8-8E24-8F26E21BB72E}.Ad-Hoc|iPhone.ActiveCfg = Ad-Hoc|iPhone
		{22EDD84F-D476-42B8-8E24-8F26E21BB72E}.Ad-Hoc|iPhone.Build.0 = Ad-Hoc|iPhone
		{22EDD84F-D476-42B8-8E24-8F26E21BB72E}.Ad-Hoc|iPhoneSimulator.ActiveCfg = Debug|iPhoneSimulator
		{22EDD84F-D476-42B8-8E24-8F26E21BB72E}.Ad-Hoc|iPhoneSimulator.Build.0 = Debug|iPhoneSimulator
		{22EDD84F-D476-42B8-8E24-8F26E21BB72E}.Ad-Hoc|x64.ActiveCfg = Ad-Hoc|iPhone
		{22EDD84F-D476-42B8-8E24-8F26E21BB72E}.Ad-Hoc|x64.Build.0 = Ad-Hoc|iPhone
		{22EDD84F-D476-42B8-8E24-8F26E21BB72E}.Ad-Hoc|x86.ActiveCfg = Ad-Hoc|iPhone
		{22EDD84F-D476-42B8-8E24-8F26E21BB72E}.Ad-Hoc|x86.Build.0 = Ad-Hoc|iPhone
		{22EDD84F-D476-42B8-8E24-8F26E21BB72E}.AppStore|Any CPU.ActiveCfg = AppStore|iPhone
		{22EDD84F-D476-42B8-8E24-8F26E21BB72E}.AppStore|Any CPU.Build.0 = AppStore|iPhone
		{22EDD84F-D476-42B8-8E24-8F26E21BB72E}.AppStore|ARM.ActiveCfg = AppStore|iPhone
		{22EDD84F-D476-42B8-8E24-8F26E21BB72E}.AppStore|ARM.Build.0 = AppStore|iPhone
		{22EDD84F-D476-42B8-8E24-8F26E21BB72E}.AppStore|iPhone.ActiveCfg = AppStore|iPhone
		{22EDD84F-D476-42B8-8E24-8F26E21BB72E}.AppStore|iPhone.Build.0 = AppStore|iPhone
		{22EDD84F-D476-42B8-8E24-8F26E21BB72E}.AppStore|iPhoneSimulator.ActiveCfg = Debug|iPhoneSimulator
		{22EDD84F-D476-42B8-8E24-8F26E21BB72E}.AppStore|iPhoneSimulator.Build.0 = Debug|iPhoneSimulator
		{22EDD84F-D476-42B8-8E24-8F26E21BB72E}.AppStore|x64.ActiveCfg = AppStore|iPhone
		{22EDD84F-D476-42B8-8E24-8F26E21BB72E}.AppStore|x64.Build.0 = AppStore|iPhone
		{22EDD84F-D476-42B8-8E24-8F26E21BB72E}.AppStore|x86.ActiveCfg = AppStore|iPhone
		{22EDD84F-D476-42B8-8E24-8F26E21BB72E}.AppStore|x86.Build.0 = AppStore|iPhone
		{22EDD84F-D476-42B8-8E24-8F26E21BB72E}.Debug|Any CPU.ActiveCfg = Debug|iPhoneSimulator
		{22EDD84F-D476-42B8-8E24-8F26E21BB72E}.Debug|Any CPU.Build.0 = Debug|iPhoneSimulator
		{22EDD84F-D476-42B8-8E24-8F26E21BB72E}.Debug|ARM.ActiveCfg = Debug|iPhoneSimulator
		{22EDD84F-D476-42B8-8E24-8F26E21BB72E}.Debug|ARM.Build.0 = Debug|iPhoneSimulator
		{22EDD84F-D476-42B8-8E24-8F26E21BB72E}.Debug|iPhone.ActiveCfg = Debug|iPhone
		{22EDD84F-D476-42B8-8E24-8F26E21BB72E}.Debug|iPhone.Build.0 = Debug|iPhone
		{22EDD84F-D476-42B8-8E24-8F26E21BB72E}.Debug|iPhoneSimulator.ActiveCfg = Debug|iPhoneSimulator
		{22EDD84F-D476-42B8-8E24-8F26E21BB72E}.Debug|iPhoneSimulator.Build.0 = Debug|iPhoneSimulator
		{22EDD84F-D476-42B8-8E24-8F26E21BB72E}.Debug|x64.ActiveCfg = Debug|iPhoneSimulator
		{22EDD84F-D476-42B8-8E24-8F26E21BB72E}.Debug|x64.Build.0 = Debug|iPhoneSimulator
		{22EDD84F-D476-42B8-8E24-8F26E21BB72E}.Debug|x86.ActiveCfg = Debug|iPhoneSimulator
		{22EDD84F-D476-42B8-8E24-8F26E21BB72E}.Debug|x86.Build.0 = Debug|iPhoneSimulator
		{22EDD84F-D476-42B8-8E24-8F26E21BB72E}.Release|Any CPU.ActiveCfg = Release|iPhoneSimulator
		{22EDD84F-D476-42B8-8E24-8F26E21BB72E}.Release|Any CPU.Build.0 = Release|iPhoneSimulator
		{22EDD84F-D476-42B8-8E24-8F26E21BB72E}.Release|ARM.ActiveCfg = Release|iPhoneSimulator
		{22EDD84F-D476-42B8-8E24-8F26E21BB72E}.Release|ARM.Build.0 = Release|iPhoneSimulator
		{22EDD84F-D476-42B8-8E24-8F26E21BB72E}.Release|iPhone.ActiveCfg = Release|iPhone
		{22EDD84F-D476-42B8-8E24-8F26E21BB72E}.Release|iPhone.Build.0 = Release|iPhone
		{22EDD84F-D476-42B8-8E24-8F26E21BB72E}.Release|iPhoneSimulator.ActiveCfg = Release|iPhoneSimulator
		{22EDD84F-D476-42B8-8E24-8F26E21BB72E}.Release|iPhoneSimulator.Build.0 = Release|iPhoneSimulator
		{22EDD84F-D476-42B8-8E24-8F26E21BB72E}.Release|x64.ActiveCfg = Release|iPhoneSimulator
		{22EDD84F-D476-42B8-8E24-8F26E21BB72E}.Release|x64.Build.0 = Release|iPhoneSimulator
		{22EDD84F-D476-42B8-8E24-8F26E21BB72E}.Release|x86.ActiveCfg = Release|iPhoneSimulator
		{22EDD84F-D476-42B8-8E24-8F26E21BB72E}.Release|x86.Build.0 = Release|iPhoneSimulator
		{BD8DDEB5-11E9-431A-A09E-9ADBE454866A}.Ad-Hoc|Any CPU.ActiveCfg = Debug|ARM
		{BD8DDEB5-11E9-431A-A09E-9ADBE454866A}.Ad-Hoc|Any CPU.Build.0 = Debug|ARM
		{BD8DDEB5-11E9-431A-A09E-9ADBE454866A}.Ad-Hoc|ARM.ActiveCfg = Debug|ARM
		{BD8DDEB5-11E9-431A-A09E-9ADBE454866A}.Ad-Hoc|ARM.Build.0 = Debug|ARM
		{BD8DDEB5-11E9-431A-A09E-9ADBE454866A}.Ad-Hoc|iPhone.ActiveCfg = Debug|ARM
		{BD8DDEB5-11E9-431A-A09E-9ADBE454866A}.Ad-Hoc|iPhone.Build.0 = Debug|ARM
		{BD8DDEB5-11E9-431A-A09E-9ADBE454866A}.Ad-Hoc|iPhoneSimulator.ActiveCfg = Debug|ARM
		{BD8DDEB5-11E9-431A-A09E-9ADBE454866A}.Ad-Hoc|iPhoneSimulator.Build.0 = Debug|ARM
		{BD8DDEB5-11E9-431A-A09E-9ADBE454866A}.Ad-Hoc|x64.ActiveCfg = Debug|x64
		{BD8DDEB5-11E9-431A-A09E-9ADBE454866A}.Ad-Hoc|x64.Build.0 = Debug|x64
		{BD8DDEB5-11E9-431A-A09E-9ADBE454866A}.Ad-Hoc|x86.ActiveCfg = Debug|x86
		{BD8DDEB5-11E9-431A-A09E-9ADBE454866A}.Ad-Hoc|x86.Build.0 = Debug|x86
		{BD8DDEB5-11E9-431A-A09E-9ADBE454866A}.AppStore|Any CPU.ActiveCfg = Debug|ARM
		{BD8DDEB5-11E9-431A-A09E-9ADBE454866A}.AppStore|Any CPU.Build.0 = Debug|ARM
		{BD8DDEB5-11E9-431A-A09E-9ADBE454866A}.AppStore|ARM.ActiveCfg = Debug|ARM
		{BD8DDEB5-11E9-431A-A09E-9ADBE454866A}.AppStore|ARM.Build.0 = Debug|ARM
		{BD8DDEB5-11E9-431A-A09E-9ADBE454866A}.AppStore|iPhone.ActiveCfg = Debug|ARM
		{BD8DDEB5-11E9-431A-A09E-9ADBE454866A}.AppStore|iPhone.Build.0 = Debug|ARM
		{BD8DDEB5-11E9-431A-A09E-9ADBE454866A}.AppStore|iPhoneSimulator.ActiveCfg = Debug|ARM
		{BD8DDEB5-11E9-431A-A09E-9ADBE454866A}.AppStore|iPhoneSimulator.Build.0 = Debug|ARM
		{BD8DDEB5-11E9-431A-A09E-9ADBE454866A}.AppStore|x64.ActiveCfg = Debug|x64
		{BD8DDEB5-11E9-431A-A09E-9ADBE454866A}.AppStore|x64.Build.0 = Debug|x64
		{BD8DDEB5-11E9-431A-A09E-9ADBE454866A}.AppStore|x86.ActiveCfg = Debug|x86
		{BD8DDEB5-11E9-431A-A09E-9ADBE454866A}.AppStore|x86.Build.0 = Debug|x86
		{BD8DDEB5-11E9-431A-A09E-9ADBE454866A}.Debug|Any CPU.ActiveCfg = Debug|ARM
		{BD8DDEB5-11E9-431A-A09E-9ADBE454866A}.Debug|Any CPU.Build.0 = Debug|ARM
		{BD8DDEB5-11E9-431A-A09E-9ADBE454866A}.Debug|Any CPU.Deploy.0 = Debug|ARM
		{BD8DDEB5-11E9-431A-A09E-9ADBE454866A}.Debug|ARM.ActiveCfg = Debug|ARM
		{BD8DDEB5-11E9-431A-A09E-9ADBE454866A}.Debug|ARM.Build.0 = Debug|ARM
		{BD8DDEB5-11E9-431A-A09E-9ADBE454866A}.Debug|iPhone.ActiveCfg = Debug|ARM
		{BD8DDEB5-11E9-431A-A09E-9ADBE454866A}.Debug|iPhone.Build.0 = Debug|ARM
		{BD8DDEB5-11E9-431A-A09E-9ADBE454866A}.Debug|iPhoneSimulator.ActiveCfg = Debug|ARM
		{BD8DDEB5-11E9-431A-A09E-9ADBE454866A}.Debug|iPhoneSimulator.Build.0 = Debug|ARM
		{BD8DDEB5-11E9-431A-A09E-9ADBE454866A}.Debug|x64.ActiveCfg = Debug|x64
		{BD8DDEB5-11E9-431A-A09E-9ADBE454866A}.Debug|x64.Build.0 = Debug|x64
		{BD8DDEB5-11E9-431A-A09E-9ADBE454866A}.Debug|x86.ActiveCfg = Debug|x86
		{BD8DDEB5-11E9-431A-A09E-9ADBE454866A}.Debug|x86.Build.0 = Debug|x86
		{BD8DDEB5-11E9-431A-A09E-9ADBE454866A}.Release|Any CPU.ActiveCfg = Release|ARM
		{BD8DDEB5-11E9-431A-A09E-9ADBE454866A}.Release|Any CPU.Build.0 = Release|ARM
		{BD8DDEB5-11E9-431A-A09E-9ADBE454866A}.Release|ARM.ActiveCfg = Release|ARM
		{BD8DDEB5-11E9-431A-A09E-9ADBE454866A}.Release|ARM.Build.0 = Release|ARM
		{BD8DDEB5-11E9-431A-A09E-9ADBE454866A}.Release|iPhone.ActiveCfg = Release|ARM
		{BD8DDEB5-11E9-431A-A09E-9ADBE454866A}.Release|iPhone.Build.0 = Release|ARM
		{BD8DDEB5-11E9-431A-A09E-9ADBE454866A}.Release|iPhoneSimulator.ActiveCfg = Release|ARM
		{BD8DDEB5-11E9-431A-A09E-9ADBE454866A}.Release|iPhoneSimulator.Build.0 = Release|ARM
		{BD8DDEB5-11E9-431A-A09E-9ADBE454866A}.Release|x64.ActiveCfg = Release|x64
		{BD8DDEB5-11E9-431A-A09E-9ADBE454866A}.Release|x64.Build.0 = Release|x64
		{BD8DDEB5-11E9-431A-A09E-9ADBE454866A}.Release|x86.ActiveCfg = Release|x86
		{BD8DDEB5-11E9-431A-A09E-9ADBE454866A}.Release|x86.Build.0 = Release|x86
		{C295FB6D-BE5B-4F36-96CA-B68EECD2A8AD}.Ad-Hoc|Any CPU.ActiveCfg = Release|Any CPU
		{C295FB6D-BE5B-4F36-96CA-B68EECD2A8AD}.Ad-Hoc|Any CPU.Build.0 = Release|Any CPU
		{C295FB6D-BE5B-4F36-96CA-B68EECD2A8AD}.Ad-Hoc|ARM.ActiveCfg = Release|Any CPU
		{C295FB6D-BE5B-4F36-96CA-B68EECD2A8AD}.Ad-Hoc|ARM.Build.0 = Release|Any CPU
		{C295FB6D-BE5B-4F36-96CA-B68EECD2A8AD}.Ad-Hoc|iPhone.ActiveCfg = Release|Any CPU
		{C295FB6D-BE5B-4F36-96CA-B68EECD2A8AD}.Ad-Hoc|iPhone.Build.0 = Release|Any CPU
		{C295FB6D-BE5B-4F36-96CA-B68EECD2A8AD}.Ad-Hoc|iPhoneSimulator.ActiveCfg = Release|Any CPU
		{C295FB6D-BE5B-4F36-96CA-B68EECD2A8AD}.Ad-Hoc|iPhoneSimulator.Build.0 = Release|Any CPU
		{C295FB6D-BE5B-4F36-96CA-B68EECD2A8AD}.Ad-Hoc|x64.ActiveCfg = Release|Any CPU
		{C295FB6D-BE5B-4F36-96CA-B68EECD2A8AD}.Ad-Hoc|x64.Build.0 = Release|Any CPU
		{C295FB6D-BE5B-4F36-96CA-B68EECD2A8AD}.Ad-Hoc|x86.ActiveCfg = Release|Any CPU
		{C295FB6D-BE5B-4F36-96CA-B68EECD2A8AD}.Ad-Hoc|x86.Build.0 = Release|Any CPU
		{C295FB6D-BE5B-4F36-96CA-B68EECD2A8AD}.AppStore|Any CPU.ActiveCfg = Release|Any CPU
		{C295FB6D-BE5B-4F36-96CA-B68EECD2A8AD}.AppStore|Any CPU.Build.0 = Release|Any CPU
		{C295FB6D-BE5B-4F36-96CA-B68EECD2A8AD}.AppStore|ARM.ActiveCfg = Release|Any CPU
		{C295FB6D-BE5B-4F36-96CA-B68EECD2A8AD}.AppStore|ARM.Build.0 = Release|Any CPU
		{C295FB6D-BE5B-4F36-96CA-B68EECD2A8AD}.AppStore|iPhone.ActiveCfg = Release|Any CPU
		{C295FB6D-BE5B-4F36-96CA-B68EECD2A8AD}.AppStore|iPhone.Build.0 = Release|Any CPU
		{C295FB6D-BE5B-4F36-96CA-B68EECD2A8AD}.AppStore|iPhoneSimulator.ActiveCfg = Release|Any CPU
		{C295FB6D-BE5B-4F36-96CA-B68EECD2A8AD}.AppStore|iPhoneSimulator.Build.0 = Release|Any CPU
		{C295FB6D-BE5B-4F36-96CA-B68EECD2A8AD}.AppStore|x64.ActiveCfg = Release|Any CPU
		{C295FB6D-BE5B-4F36-96CA-B68EECD2A8AD}.AppStore|x64.Build.0 = Release|Any CPU
		{C295FB6D-BE5B-4F36-96CA-B68EECD2A8AD}.AppStore|x86.ActiveCfg = Release|Any CPU
		{C295FB6D-BE5B-4F36-96CA-B68EECD2A8AD}.AppStore|x86.Build.0 = Release|Any CPU
		{C295FB6D-BE5B-4F36-96CA-B68EECD2A8AD}.Debug|Any CPU.ActiveCfg = Debug|Any CPU
		{C295FB6D-BE5B-4F36-96CA-B68EECD2A8AD}.Debug|Any CPU.Build.0 = Debug|Any CPU
		{C295FB6D-BE5B-4F36-96CA-B68EECD2A8AD}.Debug|ARM.ActiveCfg = Debug|Any CPU
		{C295FB6D-BE5B-4F36-96CA-B68EECD2A8AD}.Debug|ARM.Build.0 = Debug|Any CPU
		{C295FB6D-BE5B-4F36-96CA-B68EECD2A8AD}.Debug|iPhone.ActiveCfg = Debug|Any CPU
		{C295FB6D-BE5B-4F36-96CA-B68EECD2A8AD}.Debug|iPhone.Build.0 = Debug|Any CPU
		{C295FB6D-BE5B-4F36-96CA-B68EECD2A8AD}.Debug|iPhoneSimulator.ActiveCfg = Debug|Any CPU
		{C295FB6D-BE5B-4F36-96CA-B68EECD2A8AD}.Debug|iPhoneSimulator.Build.0 = Debug|Any CPU
		{C295FB6D-BE5B-4F36-96CA-B68EECD2A8AD}.Debug|x64.ActiveCfg = Debug|Any CPU
		{C295FB6D-BE5B-4F36-96CA-B68EECD2A8AD}.Debug|x64.Build.0 = Debug|Any CPU
		{C295FB6D-BE5B-4F36-96CA-B68EECD2A8AD}.Debug|x86.ActiveCfg = Debug|Any CPU
		{C295FB6D-BE5B-4F36-96CA-B68EECD2A8AD}.Debug|x86.Build.0 = Debug|Any CPU
		{C295FB6D-BE5B-4F36-96CA-B68EECD2A8AD}.Release|Any CPU.ActiveCfg = Release|Any CPU
		{C295FB6D-BE5B-4F36-96CA-B68EECD2A8AD}.Release|Any CPU.Build.0 = Release|Any CPU
		{C295FB6D-BE5B-4F36-96CA-B68EECD2A8AD}.Release|ARM.ActiveCfg = Release|Any CPU
		{C295FB6D-BE5B-4F36-96CA-B68EECD2A8AD}.Release|ARM.Build.0 = Release|Any CPU
		{C295FB6D-BE5B-4F36-96CA-B68EECD2A8AD}.Release|iPhone.ActiveCfg = Release|Any CPU
		{C295FB6D-BE5B-4F36-96CA-B68EECD2A8AD}.Release|iPhone.Build.0 = Release|Any CPU
		{C295FB6D-BE5B-4F36-96CA-B68EECD2A8AD}.Release|iPhoneSimulator.ActiveCfg = Release|Any CPU
		{C295FB6D-BE5B-4F36-96CA-B68EECD2A8AD}.Release|iPhoneSimulator.Build.0 = Release|Any CPU
		{C295FB6D-BE5B-4F36-96CA-B68EECD2A8AD}.Release|x64.ActiveCfg = Release|Any CPU
		{C295FB6D-BE5B-4F36-96CA-B68EECD2A8AD}.Release|x64.Build.0 = Release|Any CPU
		{C295FB6D-BE5B-4F36-96CA-B68EECD2A8AD}.Release|x86.ActiveCfg = Release|Any CPU
		{C295FB6D-BE5B-4F36-96CA-B68EECD2A8AD}.Release|x86.Build.0 = Release|Any CPU
		{8947C2F7-2EE6-4747-B183-EB554E3927CA}.Ad-Hoc|Any CPU.ActiveCfg = Release|Any CPU
		{8947C2F7-2EE6-4747-B183-EB554E3927CA}.Ad-Hoc|Any CPU.Build.0 = Release|Any CPU
		{8947C2F7-2EE6-4747-B183-EB554E3927CA}.Ad-Hoc|ARM.ActiveCfg = Release|Any CPU
		{8947C2F7-2EE6-4747-B183-EB554E3927CA}.Ad-Hoc|ARM.Build.0 = Release|Any CPU
		{8947C2F7-2EE6-4747-B183-EB554E3927CA}.Ad-Hoc|iPhone.ActiveCfg = Release|Any CPU
		{8947C2F7-2EE6-4747-B183-EB554E3927CA}.Ad-Hoc|iPhone.Build.0 = Release|Any CPU
		{8947C2F7-2EE6-4747-B183-EB554E3927CA}.Ad-Hoc|iPhoneSimulator.ActiveCfg = Release|Any CPU
		{8947C2F7-2EE6-4747-B183-EB554E3927CA}.Ad-Hoc|iPhoneSimulator.Build.0 = Release|Any CPU
		{8947C2F7-2EE6-4747-B183-EB554E3927CA}.Ad-Hoc|x64.ActiveCfg = Release|Any CPU
		{8947C2F7-2EE6-4747-B183-EB554E3927CA}.Ad-Hoc|x64.Build.0 = Release|Any CPU
		{8947C2F7-2EE6-4747-B183-EB554E3927CA}.Ad-Hoc|x86.ActiveCfg = Release|Any CPU
		{8947C2F7-2EE6-4747-B183-EB554E3927CA}.Ad-Hoc|x86.Build.0 = Release|Any CPU
		{8947C2F7-2EE6-4747-B183-EB554E3927CA}.AppStore|Any CPU.ActiveCfg = Release|Any CPU
		{8947C2F7-2EE6-4747-B183-EB554E3927CA}.AppStore|Any CPU.Build.0 = Release|Any CPU
		{8947C2F7-2EE6-4747-B183-EB554E3927CA}.AppStore|ARM.ActiveCfg = Release|Any CPU
		{8947C2F7-2EE6-4747-B183-EB554E3927CA}.AppStore|ARM.Build.0 = Release|Any CPU
		{8947C2F7-2EE6-4747-B183-EB554E3927CA}.AppStore|iPhone.ActiveCfg = Release|Any CPU
		{8947C2F7-2EE6-4747-B183-EB554E3927CA}.AppStore|iPhone.Build.0 = Release|Any CPU
		{8947C2F7-2EE6-4747-B183-EB554E3927CA}.AppStore|iPhoneSimulator.ActiveCfg = Release|Any CPU
		{8947C2F7-2EE6-4747-B183-EB554E3927CA}.AppStore|iPhoneSimulator.Build.0 = Release|Any CPU
		{8947C2F7-2EE6-4747-B183-EB554E3927CA}.AppStore|x64.ActiveCfg = Release|Any CPU
		{8947C2F7-2EE6-4747-B183-EB554E3927CA}.AppStore|x64.Build.0 = Release|Any CPU
		{8947C2F7-2EE6-4747-B183-EB554E3927CA}.AppStore|x86.ActiveCfg = Release|Any CPU
		{8947C2F7-2EE6-4747-B183-EB554E3927CA}.AppStore|x86.Build.0 = Release|Any CPU
		{8947C2F7-2EE6-4747-B183-EB554E3927CA}.Debug|Any CPU.ActiveCfg = Debug|Any CPU
		{8947C2F7-2EE6-4747-B183-EB554E3927CA}.Debug|Any CPU.Build.0 = Debug|Any CPU
		{8947C2F7-2EE6-4747-B183-EB554E3927CA}.Debug|ARM.ActiveCfg = Debug|Any CPU
		{8947C2F7-2EE6-4747-B183-EB554E3927CA}.Debug|ARM.Build.0 = Debug|Any CPU
		{8947C2F7-2EE6-4747-B183-EB554E3927CA}.Debug|iPhone.ActiveCfg = Debug|Any CPU
		{8947C2F7-2EE6-4747-B183-EB554E3927CA}.Debug|iPhone.Build.0 = Debug|Any CPU
		{8947C2F7-2EE6-4747-B183-EB554E3927CA}.Debug|iPhoneSimulator.ActiveCfg = Debug|Any CPU
		{8947C2F7-2EE6-4747-B183-EB554E3927CA}.Debug|iPhoneSimulator.Build.0 = Debug|Any CPU
		{8947C2F7-2EE6-4747-B183-EB554E3927CA}.Debug|x64.ActiveCfg = Debug|Any CPU
		{8947C2F7-2EE6-4747-B183-EB554E3927CA}.Debug|x64.Build.0 = Debug|Any CPU
		{8947C2F7-2EE6-4747-B183-EB554E3927CA}.Debug|x86.ActiveCfg = Debug|Any CPU
		{8947C2F7-2EE6-4747-B183-EB554E3927CA}.Debug|x86.Build.0 = Debug|Any CPU
		{8947C2F7-2EE6-4747-B183-EB554E3927CA}.Release|Any CPU.ActiveCfg = Release|Any CPU
		{8947C2F7-2EE6-4747-B183-EB554E3927CA}.Release|Any CPU.Build.0 = Release|Any CPU
		{8947C2F7-2EE6-4747-B183-EB554E3927CA}.Release|ARM.ActiveCfg = Release|Any CPU
		{8947C2F7-2EE6-4747-B183-EB554E3927CA}.Release|ARM.Build.0 = Release|Any CPU
		{8947C2F7-2EE6-4747-B183-EB554E3927CA}.Release|iPhone.ActiveCfg = Release|Any CPU
		{8947C2F7-2EE6-4747-B183-EB554E3927CA}.Release|iPhone.Build.0 = Release|Any CPU
		{8947C2F7-2EE6-4747-B183-EB554E3927CA}.Release|iPhoneSimulator.ActiveCfg = Release|Any CPU
		{8947C2F7-2EE6-4747-B183-EB554E3927CA}.Release|iPhoneSimulator.Build.0 = Release|Any CPU
		{8947C2F7-2EE6-4747-B183-EB554E3927CA}.Release|x64.ActiveCfg = Release|Any CPU
		{8947C2F7-2EE6-4747-B183-EB554E3927CA}.Release|x64.Build.0 = Release|Any CPU
		{8947C2F7-2EE6-4747-B183-EB554E3927CA}.Release|x86.ActiveCfg = Release|Any CPU
		{8947C2F7-2EE6-4747-B183-EB554E3927CA}.Release|x86.Build.0 = Release|Any CPU
		{6944A46E-411A-41D1-81A9-35157DDC415C}.Ad-Hoc|Any CPU.ActiveCfg = Release|Any CPU
		{6944A46E-411A-41D1-81A9-35157DDC415C}.Ad-Hoc|Any CPU.Build.0 = Release|Any CPU
		{6944A46E-411A-41D1-81A9-35157DDC415C}.Ad-Hoc|ARM.ActiveCfg = Release|Any CPU
		{6944A46E-411A-41D1-81A9-35157DDC415C}.Ad-Hoc|ARM.Build.0 = Release|Any CPU
		{6944A46E-411A-41D1-81A9-35157DDC415C}.Ad-Hoc|iPhone.ActiveCfg = Release|Any CPU
		{6944A46E-411A-41D1-81A9-35157DDC415C}.Ad-Hoc|iPhone.Build.0 = Release|Any CPU
		{6944A46E-411A-41D1-81A9-35157DDC415C}.Ad-Hoc|iPhoneSimulator.ActiveCfg = Release|Any CPU
		{6944A46E-411A-41D1-81A9-35157DDC415C}.Ad-Hoc|iPhoneSimulator.Build.0 = Release|Any CPU
		{6944A46E-411A-41D1-81A9-35157DDC415C}.Ad-Hoc|x64.ActiveCfg = Release|Any CPU
		{6944A46E-411A-41D1-81A9-35157DDC415C}.Ad-Hoc|x64.Build.0 = Release|Any CPU
		{6944A46E-411A-41D1-81A9-35157DDC415C}.Ad-Hoc|x86.ActiveCfg = Release|Any CPU
		{6944A46E-411A-41D1-81A9-35157DDC415C}.Ad-Hoc|x86.Build.0 = Release|Any CPU
		{6944A46E-411A-41D1-81A9-35157DDC415C}.AppStore|Any CPU.ActiveCfg = Release|Any CPU
		{6944A46E-411A-41D1-81A9-35157DDC415C}.AppStore|Any CPU.Build.0 = Release|Any CPU
		{6944A46E-411A-41D1-81A9-35157DDC415C}.AppStore|ARM.ActiveCfg = Release|Any CPU
		{6944A46E-411A-41D1-81A9-35157DDC415C}.AppStore|ARM.Build.0 = Release|Any CPU
		{6944A46E-411A-41D1-81A9-35157DDC415C}.AppStore|iPhone.ActiveCfg = Release|Any CPU
		{6944A46E-411A-41D1-81A9-35157DDC415C}.AppStore|iPhone.Build.0 = Release|Any CPU
		{6944A46E-411A-41D1-81A9-35157DDC415C}.AppStore|iPhoneSimulator.ActiveCfg = Release|Any CPU
		{6944A46E-411A-41D1-81A9-35157DDC415C}.AppStore|iPhoneSimulator.Build.0 = Release|Any CPU
		{6944A46E-411A-41D1-81A9-35157DDC415C}.AppStore|x64.ActiveCfg = Release|Any CPU
		{6944A46E-411A-41D1-81A9-35157DDC415C}.AppStore|x64.Build.0 = Release|Any CPU
		{6944A46E-411A-41D1-81A9-35157DDC415C}.AppStore|x86.ActiveCfg = Release|Any CPU
		{6944A46E-411A-41D1-81A9-35157DDC415C}.AppStore|x86.Build.0 = Release|Any CPU
		{6944A46E-411A-41D1-81A9-35157DDC415C}.Debug|Any CPU.ActiveCfg = Debug|Any CPU
		{6944A46E-411A-41D1-81A9-35157DDC415C}.Debug|Any CPU.Build.0 = Debug|Any CPU
		{6944A46E-411A-41D1-81A9-35157DDC415C}.Debug|ARM.ActiveCfg = Debug|Any CPU
		{6944A46E-411A-41D1-81A9-35157DDC415C}.Debug|ARM.Build.0 = Debug|Any CPU
		{6944A46E-411A-41D1-81A9-35157DDC415C}.Debug|iPhone.ActiveCfg = Debug|Any CPU
		{6944A46E-411A-41D1-81A9-35157DDC415C}.Debug|iPhone.Build.0 = Debug|Any CPU
		{6944A46E-411A-41D1-81A9-35157DDC415C}.Debug|iPhoneSimulator.ActiveCfg = Debug|Any CPU
		{6944A46E-411A-41D1-81A9-35157DDC415C}.Debug|iPhoneSimulator.Build.0 = Debug|Any CPU
		{6944A46E-411A-41D1-81A9-35157DDC415C}.Debug|x64.ActiveCfg = Debug|Any CPU
		{6944A46E-411A-41D1-81A9-35157DDC415C}.Debug|x64.Build.0 = Debug|Any CPU
		{6944A46E-411A-41D1-81A9-35157DDC415C}.Debug|x86.ActiveCfg = Debug|Any CPU
		{6944A46E-411A-41D1-81A9-35157DDC415C}.Debug|x86.Build.0 = Debug|Any CPU
		{6944A46E-411A-41D1-81A9-35157DDC415C}.Release|Any CPU.ActiveCfg = Release|Any CPU
		{6944A46E-411A-41D1-81A9-35157DDC415C}.Release|Any CPU.Build.0 = Release|Any CPU
		{6944A46E-411A-41D1-81A9-35157DDC415C}.Release|ARM.ActiveCfg = Release|Any CPU
		{6944A46E-411A-41D1-81A9-35157DDC415C}.Release|ARM.Build.0 = Release|Any CPU
		{6944A46E-411A-41D1-81A9-35157DDC415C}.Release|iPhone.ActiveCfg = Release|Any CPU
		{6944A46E-411A-41D1-81A9-35157DDC415C}.Release|iPhone.Build.0 = Release|Any CPU
		{6944A46E-411A-41D1-81A9-35157DDC415C}.Release|iPhoneSimulator.ActiveCfg = Release|Any CPU
		{6944A46E-411A-41D1-81A9-35157DDC415C}.Release|iPhoneSimulator.Build.0 = Release|Any CPU
		{6944A46E-411A-41D1-81A9-35157DDC415C}.Release|x64.ActiveCfg = Release|Any CPU
		{6944A46E-411A-41D1-81A9-35157DDC415C}.Release|x64.Build.0 = Release|Any CPU
		{6944A46E-411A-41D1-81A9-35157DDC415C}.Release|x86.ActiveCfg = Release|Any CPU
		{6944A46E-411A-41D1-81A9-35157DDC415C}.Release|x86.Build.0 = Release|Any CPU
	EndGlobalSection
	GlobalSection(SolutionProperties) = preSolution
		HideSolutionNode = FALSE
	EndGlobalSection
EndGlobal
